
Microsoft Visual Studio Solution File, Format Version 12.00
# Visual Studio 2015
Project("{FAE04EC0-301F-11D3-BF4B-00C04F79EFBC}") = "Minglr.CSharp", "Minglr.CSharp.csproj", "{A7A879EA-5AA7-E820-0A18-39BE707C96CD}"
EndProject
Global
	GlobalSection(SolutionConfigurationPlatforms) = preSolution
		Debug|Any CPU = Debug|Any CPU
		Release|Any CPU = Release|Any CPU
	EndGlobalSection
	GlobalSection(ProjectConfigurationPlatforms) = postSolution
		{A7A879EA-5AA7-E820-0A18-39BE707C96CD}.Debug|Any CPU.ActiveCfg = Debug|Any CPU
		{A7A879EA-5AA7-E820-0A18-39BE707C96CD}.Debug|Any CPU.Build.0 = Debug|Any CPU
		{A7A879EA-5AA7-E820-0A18-39BE707C96CD}.Release|Any CPU.ActiveCfg = Release|Any CPU
		{A7A879EA-5AA7-E820-0A18-39BE707C96CD}.Release|Any CPU.Build.0 = Release|Any CPU
	EndGlobalSection
	GlobalSection(SolutionProperties) = preSolution
		HideSolutionNode = FALSE
	EndGlobalSection
EndGlobal
